<dec f='halide/halide-install/include/Halide.h' l='1888' type='struct halide_mutex'/>
<offset>0</offset>
<doc f='halide/halide-install/include/Halide.h' l='1885'>/** Guards access to the fields below. If not locked, the sampling
     * profiler thread is free to modify things below (including
     * reordering the linked list of pipeline stats). */</doc>
<dec f='halide/halide-install/include/HalideRuntime.h' l='1790' type='struct halide_mutex'/>
<offset>0</offset>
<doc f='halide/halide-install/include/HalideRuntime.h' l='1787'>/** Guards access to the fields below. If not locked, the sampling
     * profiler thread is free to modify things below (including
     * reordering the linked list of pipeline stats). */</doc>
<dec f='halide/build/include/HalideRuntime.h' l='1790' type='struct halide_mutex'/>
<offset>0</offset>
<doc f='halide/build/include/HalideRuntime.h' l='1787'>/** Guards access to the fields below. If not locked, the sampling
     * profiler thread is free to modify things below (including
     * reordering the linked list of pipeline stats). */</doc>
<dec f='halide/build/include/Halide.h' l='1888' type='struct halide_mutex'/>
<offset>0</offset>
<doc f='halide/build/include/Halide.h' l='1885'>/** Guards access to the fields below. If not locked, the sampling
     * profiler thread is free to modify things below (including
     * reordering the linked list of pipeline stats). */</doc>
<dec f='halide/src/runtime/HalideRuntime.h' l='1790' type='struct halide_mutex'/>
<offset>0</offset>
<doc f='halide/src/runtime/HalideRuntime.h' l='1787'>/** Guards access to the fields below. If not locked, the sampling
     * profiler thread is free to modify things below (including
     * reordering the linked list of pipeline stats). */</doc>
<dec f='halide/build/tutorial/lesson_10_halide.h' l='1862' type='struct halide_mutex'/>
<offset>0</offset>
<doc f='halide/build/tutorial/lesson_10_halide.h' l='1859'>/** Guards access to the fields below. If not locked, the sampling
     * profiler thread is free to modify things below (including
     * reordering the linked list of pipeline stats). */</doc>
