<dec f='halide/llvm-install/include/llvm/ExecutionEngine/ExecutionEngine.h' l='161' type='sys::Mutex'/>
<offset>4992</offset>
<doc f='halide/llvm-install/include/llvm/ExecutionEngine/ExecutionEngine.h' l='159'>/// lock - This lock protects the ExecutionEngine and MCJIT classes. It must
  /// be held while changing the internal state of any of those classes.</doc>
