<dec f='x264/common/common.h' l='524' type='int16_t *'/>
<offset>3456</offset>
<doc f='x264/common/common.h' l='524'>/* mb cbp: 0x0?: luma, 0x?0: chroma, 0x100: luma dc, 0x200 and 0x400: chroma dc, 0x1000 PCM (all set for PCM) */</doc>
<use f='x264/common/deblock.c' l='415' u='r' c='x264_10_frame_deblock_row'/>
<use f='x264/common/macroblock.c' l='261' u='w' c='x264_10_macroblock_cache_allocate'/>
<use f='x264/common/macroblock.c' l='261' u='a' c='x264_10_macroblock_cache_allocate'/>
<use f='x264/common/macroblock.c' l='807' u='r' c='macroblock_cache_load_neighbours'/>
<use f='x264/common/macroblock.c' l='872' u='r' c='macroblock_cache_load'/>
<use f='x264/common/macroblock.c' l='1746' u='r' c='x264_10_macroblock_cache_save'/>
<use f='x264/encoder/cabac.c' l='158' u='r' c='cabac_qp_delta'/>
<use f='x264/encoder/cabac.c' l='166' u='r' c='cabac_qp_delta'/>
<use f='x264/encoder/cabac.c' l='1013' u='r' c='macroblock_write_cabac_internal'/>
<use f='x264/encoder/cabac.c' l='1022' u='r' c='macroblock_write_cabac_internal'/>
<use f='x264/encoder/cabac.c' l='1031' u='r' c='macroblock_write_cabac_internal'/>
<use f='x264/encoder/cabac.c' l='1013' u='r' c='macroblock_write_cabac_internal'/>
<use f='x264/encoder/cabac.c' l='1022' u='r' c='macroblock_write_cabac_internal'/>
<use f='x264/encoder/cabac.c' l='1031' u='r' c='macroblock_write_cabac_internal'/>
<use f='x264/encoder/analyse.c' l='2816' u='r' c='mb_analyse_qp_rd'/>
<use f='x264/encoder/analyse.c' l='2849' u='r' c='mb_analyse_qp_rd'/>
<use f='x264/encoder/analyse.c' l='2886' u='r' c='mb_analyse_qp_rd'/>
<use f='x264/encoder/macroblock.c' l='519' u='r' c='macroblock_encode_skip'/>
<use f='x264/encoder/macroblock.c' l='951' u='r' c='macroblock_encode_internal'/>
