<def f='llvm/compiler-rt/lib/sanitizer_common/sanitizer_mutex.h' l='28' ll='32' type='void __sanitizer::StaticSpinMutex::Lock()'/>
<use f='llvm/compiler-rt/lib/sanitizer_common/sanitizer_allocator_secondary.h' l='271' u='c' c='__sanitizer::LargeMmapAllocator::ForceLock'/>
<use f='llvm/compiler-rt/lib/sanitizer_common/sanitizer_quarantine.h' l='129' u='c' c='__sanitizer::Quarantine::DrainAndRecycle'/>
<use f='llvm/compiler-rt/lib/asan/asan_allocator.cpp' l='857' u='c' c='__asan::Allocator::ForceLock'/>
<use f='llvm/compiler-rt/lib/memprof/memprof_allocator.cpp' l='741' u='c' c='__memprof::Allocator::ForceLock'/>
<use f='llvm/compiler-rt/lib/sanitizer_common/sanitizer_symbolizer_report.cpp' l='263' u='c' c='__sanitizer::ScopedErrorReportLock::ScopedErrorReportLock'/>
<use f='llvm/compiler-rt/lib/scudo/scudo_tsd.h' l='45' u='c' c='__scudo::ScudoTSD::lock'/>
