<dec f='llvm/compiler-rt/lib/sanitizer_common/sanitizer_stackdepotbase.h' l='43' type='static Node * __sanitizer::StackDepotBase::lock(__sanitizer::atomic_uintptr_t * p)'/>
<def f='llvm/compiler-rt/lib/sanitizer_common/sanitizer_stackdepotbase.h' l='75' ll='89' type='static Node * __sanitizer::StackDepotBase::lock(__sanitizer::atomic_uintptr_t * p)'/>
<use f='llvm/compiler-rt/lib/sanitizer_common/sanitizer_stackdepotbase.h' l='112' u='c' c='__sanitizer::StackDepotBase::Put'/>
<use f='llvm/compiler-rt/lib/sanitizer_common/sanitizer_stackdepotbase.h' l='165' u='c' c='__sanitizer::StackDepotBase::LockAll'/>
<use f='llvm/compiler-rt/lib/sanitizer_common/sanitizer_stackdepotbase.h' l='182' u='c' c='__sanitizer::StackDepotBase::PrintAll'/>
