<dec f='llvm/compiler-rt/lib/sanitizer_common/sanitizer_mutex.h' l='78' type='void __sanitizer::BlockingMutex::Lock()'/>
<use f='llvm/compiler-rt/lib/sanitizer_common/sanitizer_thread_registry.h' l='98' u='c' c='__sanitizer::ThreadRegistry::Lock'/>
<use f='llvm/compiler-rt/lib/cfi/cfi.cpp' l='327' u='c' c='__cfi::EnterLoader'/>
<def f='llvm/compiler-rt/lib/sanitizer_common/sanitizer_linux.cpp' l='644' ll='659' type='void __sanitizer::BlockingMutex::Lock()'/>
<use f='llvm/compiler-rt/lib/sanitizer_common/sanitizer_stoptheworld_linux_libcdep.cpp' l='288' u='c' c='__sanitizer::TracerThread'/>
<use f='llvm/compiler-rt/lib/sanitizer_common/sanitizer_stoptheworld_linux_libcdep.cpp' l='406' u='c' c='__sanitizer::StopTheWorld'/>
