<dec f='llvm/compiler-rt/lib/tsan/rtl/tsan_mutex.h' l='47' type='void __tsan::Mutex::Lock()'/>
<use f='llvm/compiler-rt/lib/tsan/rtl/tsan_mman.cpp' l='103' u='c' c='__tsan::ScopedGlobalProcessor::ScopedGlobalProcessor'/>
<def f='llvm/compiler-rt/lib/tsan/rtl/tsan_mutex.cpp' l='226' ll='246' type='void __tsan::Mutex::Lock()'/>
<use f='llvm/compiler-rt/lib/tsan/rtl/tsan_rtl.cpp' l='456' u='c' c='__tsan::Finalize'/>
<use f='llvm/compiler-rt/lib/tsan/rtl/tsan_rtl.cpp' l='501' u='c' c='__tsan::ForkBefore'/>
<use f='llvm/compiler-rt/lib/tsan/rtl/tsan_rtl_report.cpp' l='151' u='c' c='__tsan::ScopedReportBase::ScopedReportBase'/>
<use f='llvm/compiler-rt/lib/tsan/rtl/tsan_sync.cpp' l='226' u='c' c='__tsan::MetaMap::GetAndLock'/>
<use f='llvm/compiler-rt/lib/tsan/rtl/tsan_sync.cpp' l='250' u='c' c='__tsan::MetaMap::GetAndLock'/>
