<def f='llvm/lldb/source/Plugins/Process/gdb-remote/GDBRemoteClientBase.h' l='56' ll='74'/>
<size>32</size>
<fun r='_ZN12lldb_private18process_gdb_remote19GDBRemoteClientBase4LockC1ERS1_b'/>
<fun r='_ZN12lldb_private18process_gdb_remote19GDBRemoteClientBase4LockD1Ev'/>
<fun r='_ZN12lldb_private18process_gdb_remote19GDBRemoteClientBase4LockcvbEv'/>
<fun r='_ZNK12lldb_private18process_gdb_remote19GDBRemoteClientBase4Lock12DidInterruptEv'/>
<mbr r='lldb_private::process_gdb_remote::GDBRemoteClientBase::Lock::m_async_lock' o='0' t='std::unique_lock&lt;std::recursive_mutex&gt;'/>
<mbr r='lldb_private::process_gdb_remote::GDBRemoteClientBase::Lock::m_comm' o='128' t='lldb_private::process_gdb_remote::GDBRemoteClientBase &amp;'/>
<mbr r='lldb_private::process_gdb_remote::GDBRemoteClientBase::Lock::m_acquired' o='192' t='bool'/>
<mbr r='lldb_private::process_gdb_remote::GDBRemoteClientBase::Lock::m_did_interrupt' o='200' t='bool'/>
<fun r='_ZN12lldb_private18process_gdb_remote19GDBRemoteClientBase4Lock22SyncWithContinueThreadEb'/>
<use f='llvm/lldb/source/Plugins/Process/gdb-remote/GDBRemoteClientBase.cpp' l='137' c='_ZN12lldb_private18process_gdb_remote19GDBRemoteClientBase15SendAsyncSignalEi'/>
<use f='llvm/lldb/source/Plugins/Process/gdb-remote/GDBRemoteClientBase.cpp' l='148' c='_ZN12lldb_private18process_gdb_remote19GDBRemoteClientBase9InterruptEv'/>
<use f='llvm/lldb/source/Plugins/Process/gdb-remote/GDBRemoteClientBase.cpp' l='158' c='_ZN12lldb_private18process_gdb_remote19GDBRemoteClientBase28SendPacketAndWaitForResponseEN4llvm9StringRefER24StringExtractorGDBRemoteb'/>
<use f='llvm/lldb/source/Plugins/Process/gdb-remote/GDBRemoteClientBase.cpp' l='177' c='_ZN12lldb_private18process_gdb_remote19GDBRemoteClientBase45SendPacketAndReceiveResponseWithOutputSupportEN4llvm9StringRefER24StringExtractorGDBRemote10205825'/>
<use f='llvm/lldb/source/Plugins/Process/gdb-remote/GDBRemoteClientBase.cpp' l='231' c='_ZN12lldb_private18process_gdb_remote19GDBRemoteClientBase15SendvContPacketEN4llvm9StringRefER24StringExtractorGDBRemote'/>
<size>32</size>
<fun r='_ZN12lldb_private18process_gdb_remote19GDBRemoteClientBase4LockC1ERS1_b'/>
<fun r='_ZN12lldb_private18process_gdb_remote19GDBRemoteClientBase4Lock22SyncWithContinueThreadEb'/>
<fun r='_ZN12lldb_private18process_gdb_remote19GDBRemoteClientBase4LockD1Ev'/>
<use f='llvm/lldb/source/Plugins/Process/gdb-remote/GDBRemoteCommunicationClient.cpp' l='527' c='_ZN12lldb_private18process_gdb_remote28GDBRemoteCommunicationClient42SendThreadSpecificPacketAndWaitForResponseEmONS_12StreamStringER24StringExtractorGDBRemoteb'/>
<use f='llvm/lldb/source/Plugins/Process/gdb-remote/GDBRemoteCommunicationClient.cpp' l='667' c='_ZN12lldb_private18process_gdb_remote28GDBRemoteCommunicationClient34SendPacketsAndConcatenateResponsesEPKcRNSt7__cxx1112basic_stringIcSt11char_traitsIcESaIcEEE'/>
<use f='llvm/lldb/source/Plugins/Process/gdb-remote/GDBRemoteCommunicationClient.cpp' l='2773' c='_ZN12lldb_private18process_gdb_remote28GDBRemoteCommunicationClient19GetCurrentThreadIDsERSt6vectorImSaImEERb'/>
<use f='llvm/lldb/source/Plugins/Process/gdb-remote/GDBRemoteCommunicationClient.cpp' l='3924' c='_ZN12lldb_private18process_gdb_remote28GDBRemoteCommunicationClient18ServeSymbolLookupsEPNS_7ProcessE'/>
<size>32</size>
<use f='llvm/lldb/source/Plugins/Process/gdb-remote/GDBRemoteRegisterContext.cpp' l='362' c='_ZN12lldb_private18process_gdb_remote24GDBRemoteRegisterContext18WriteRegisterBytesEPKNS_12RegisterInfoERNS_13DataExtractorEj'/>
<use f='llvm/lldb/source/Plugins/Process/gdb-remote/GDBRemoteRegisterContext.cpp' l='504' c='_ZN12lldb_private18process_gdb_remote24GDBRemoteRegisterContext21ReadAllRegisterValuesERSt10shared_ptrINS_10DataBufferEE'/>
<use f='llvm/lldb/source/Plugins/Process/gdb-remote/GDBRemoteRegisterContext.cpp' l='570' c='_ZN12lldb_private18process_gdb_remote24GDBRemoteRegisterContext22WriteAllRegisterValuesERKSt10shared_ptrINS_10DataBufferEE'/>
<size>32</size>
