<dec f='llvm/llvm/include/llvm/PassRegistry.h' l='39' type='sys::SmartRWMutex&lt;true&gt;'/>
<offset>0</offset>
<use f='llvm/llvm/lib/IR/PassRegistry.cpp' l='42' u='a' c='_ZNK4llvm12PassRegistry11getPassInfoEPKv'/>
<use f='llvm/llvm/lib/IR/PassRegistry.cpp' l='47' u='a' c='_ZNK4llvm12PassRegistry11getPassInfoENS_9StringRefE'/>
<use f='llvm/llvm/lib/IR/PassRegistry.cpp' l='56' u='a' c='_ZN4llvm12PassRegistry12registerPassERKNS_8PassInfoEb'/>
<use f='llvm/llvm/lib/IR/PassRegistry.cpp' l='72' u='a' c='_ZN4llvm12PassRegistry13enumerateWithEPNS_24PassRegistrationListenerE'/>
<use f='llvm/llvm/lib/IR/PassRegistry.cpp' l='96' u='a' c='_ZN4llvm12PassRegistry21registerAnalysisGroupEPKvS2_RNS_8PassInfoEbb'/>
<use f='llvm/llvm/lib/IR/PassRegistry.cpp' l='117' u='a' c='_ZN4llvm12PassRegistry23addRegistrationListenerEPNS_24PassRegistrationListenerE'/>
<use f='llvm/llvm/lib/IR/PassRegistry.cpp' l='122' u='a' c='_ZN4llvm12PassRegistry26removeRegistrationListenerEPNS_24PassRegistrationListenerE'/>
