<def f='x265/source/common/threading.h' l='260' ll='287'/>
<use f='x265/source/common/threading.h' l='468' c='_ZN4x26510ScopedLockC1ERNS_4LockE'/>
<use f='x265/source/common/threading.h' l='483'/>
<size>40</size>
<fun r='_ZN4x2654LockC1Ev'/>
<fun r='_ZN4x2654LockD1Ev'/>
<fun r='_ZN4x2654Lock7acquireEv'/>
<fun r='_ZN4x2654Lock7releaseEv'/>
<mbr r='x265::Lock::handle' o='0' t='pthread_mutex_t'/>
<use f='x265/source/encoder/bitcost.h' l='91'/>
<use f='x265/source/common/threadpool.h' l='125'/>
<use f='x265/source/encoder/slicetype.h' l='117'/>
<use f='x265/source/encoder/slicetype.h' l='118'/>
<size>40</size>
<use f='x265/source/encoder/search.h' l='365'/>
<use f='x265/source/encoder/encoder.h' l='243'/>
<use f='x265/source/encoder/encoder.h' l='247'/>
<use f='x265/source/encoder/encoder.h' l='250'/>
<use f='x265/source/encoder/encoder.h' l='291'/>
<size>40</size>
<use f='x265/source/encoder/bitcost.cpp' l='93'/>
<size>40</size>
<use f='x265/source/encoder/frameencoder.h' l='83'/>
<size>40</size>
