<dec f='x265/source/encoder/frameencoder.h' l='83' type='x265::Lock'/>
<offset>25728</offset>
<doc f='x265/source/encoder/frameencoder.h' l='82'>/* This lock must be acquired when reading or writing m_active or m_busy */</doc>
<use f='x265/source/encoder/frameencoder.cpp' l='1355' u='a' c='_ZN4x26512FrameEncoder17processRowEncoderEiRNS_15ThreadLocalDataE'/>
<use f='x265/source/encoder/frameencoder.cpp' l='1398' u='a' c='_ZN4x26512FrameEncoder17processRowEncoderEiRNS_15ThreadLocalDataE'/>
<use f='x265/source/encoder/frameencoder.cpp' l='1728' u='m' c='_ZN4x26512FrameEncoder17processRowEncoderEiRNS_15ThreadLocalDataE'/>
<use f='x265/source/encoder/frameencoder.cpp' l='1736' u='m' c='_ZN4x26512FrameEncoder17processRowEncoderEiRNS_15ThreadLocalDataE'/>
<use f='x265/source/encoder/frameencoder.cpp' l='1738' u='m' c='_ZN4x26512FrameEncoder17processRowEncoderEiRNS_15ThreadLocalDataE'/>
<use f='x265/source/encoder/frameencoder.cpp' l='1741' u='m' c='_ZN4x26512FrameEncoder17processRowEncoderEiRNS_15ThreadLocalDataE'/>
<use f='x265/source/encoder/frameencoder.cpp' l='1746' u='m' c='_ZN4x26512FrameEncoder17processRowEncoderEiRNS_15ThreadLocalDataE'/>
<use f='x265/source/encoder/frameencoder.cpp' l='1748' u='m' c='_ZN4x26512FrameEncoder17processRowEncoderEiRNS_15ThreadLocalDataE'/>
<use f='x265/source/encoder/frameencoder.cpp' l='1778' u='a' c='_ZN4x26512FrameEncoder17processRowEncoderEiRNS_15ThreadLocalDataE'/>
<use f='x265/source/encoder/frameencoder.cpp' l='1789' u='a' c='_ZN4x26512FrameEncoder17processRowEncoderEiRNS_15ThreadLocalDataE'/>
