<dec f='ffmpeg/libavfilter/avfilter.h' l='852' type='AVFilterContext **'/>
<offset>64</offset>
<use f='ffmpeg/fftools/ffmpeg_hw.c' l='543' u='r' c='hw_device_setup_for_filter'/>
<use f='ffmpeg/fftools/ffmpeg_hw.c' l='545' u='r' c='hw_device_setup_for_filter'/>
<use f='ffmpeg/libavfilter/avfiltergraph.c' l='106' u='r' c='ff_filter_graph_remove_filter'/>
<use f='ffmpeg/libavfilter/avfiltergraph.c' l='108' u='r' c='ff_filter_graph_remove_filter'/>
<use f='ffmpeg/libavfilter/avfiltergraph.c' l='108' u='r' c='ff_filter_graph_remove_filter'/>
<use f='ffmpeg/libavfilter/avfiltergraph.c' l='107' u='r' c='ff_filter_graph_remove_filter'/>
<use f='ffmpeg/libavfilter/avfiltergraph.c' l='107' u='r' c='ff_filter_graph_remove_filter'/>
<use f='ffmpeg/libavfilter/avfiltergraph.c' l='126' u='r' c='avfilter_graph_free'/>
<use f='ffmpeg/libavfilter/avfiltergraph.c' l='137' u='a' c='avfilter_graph_free'/>
<use f='ffmpeg/libavfilter/avfiltergraph.c' l='192' u='r' c='avfilter_graph_alloc_filter'/>
<use f='ffmpeg/libavfilter/avfiltergraph.c' l='198' u='w' c='avfilter_graph_alloc_filter'/>
<use f='ffmpeg/libavfilter/avfiltergraph.c' l='199' u='r' c='avfilter_graph_alloc_filter'/>
<use f='ffmpeg/libavfilter/avfiltergraph.c' l='221' u='r' c='graph_check_validity'/>
<use f='ffmpeg/libavfilter/avfiltergraph.c' l='258' u='r' c='graph_config_links'/>
<use f='ffmpeg/libavfilter/avfiltergraph.c' l='277' u='r' c='graph_check_links'/>
<use f='ffmpeg/libavfilter/avfiltergraph.c' l='295' u='r' c='avfilter_graph_get_filter'/>
<use f='ffmpeg/libavfilter/avfiltergraph.c' l='295' u='r' c='avfilter_graph_get_filter'/>
<use f='ffmpeg/libavfilter/avfiltergraph.c' l='295' u='r' c='avfilter_graph_get_filter'/>
<use f='ffmpeg/libavfilter/avfiltergraph.c' l='295' u='r' c='avfilter_graph_get_filter'/>
<use f='ffmpeg/libavfilter/avfiltergraph.c' l='295' u='r' c='avfilter_graph_get_filter'/>
<use f='ffmpeg/libavfilter/avfiltergraph.c' l='295' u='r' c='avfilter_graph_get_filter'/>
<use f='ffmpeg/libavfilter/avfiltergraph.c' l='295' u='r' c='avfilter_graph_get_filter'/>
<use f='ffmpeg/libavfilter/avfiltergraph.c' l='295' u='r' c='avfilter_graph_get_filter'/>
<use f='ffmpeg/libavfilter/avfiltergraph.c' l='295' u='r' c='avfilter_graph_get_filter'/>
<use f='ffmpeg/libavfilter/avfiltergraph.c' l='295' u='r' c='avfilter_graph_get_filter'/>
<use f='ffmpeg/libavfilter/avfiltergraph.c' l='295' u='r' c='avfilter_graph_get_filter'/>
<use f='ffmpeg/libavfilter/avfiltergraph.c' l='295' u='r' c='avfilter_graph_get_filter'/>
<use f='ffmpeg/libavfilter/avfiltergraph.c' l='295' u='r' c='avfilter_graph_get_filter'/>
<use f='ffmpeg/libavfilter/avfiltergraph.c' l='295' u='r' c='avfilter_graph_get_filter'/>
<use f='ffmpeg/libavfilter/avfiltergraph.c' l='295' u='r' c='avfilter_graph_get_filter'/>
<use f='ffmpeg/libavfilter/avfiltergraph.c' l='295' u='r' c='avfilter_graph_get_filter'/>
<use f='ffmpeg/libavfilter/avfiltergraph.c' l='295' u='r' c='avfilter_graph_get_filter'/>
<use f='ffmpeg/libavfilter/avfiltergraph.c' l='295' u='r' c='avfilter_graph_get_filter'/>
<use f='ffmpeg/libavfilter/avfiltergraph.c' l='295' u='r' c='avfilter_graph_get_filter'/>
<use f='ffmpeg/libavfilter/avfiltergraph.c' l='295' u='r' c='avfilter_graph_get_filter'/>
<use f='ffmpeg/libavfilter/avfiltergraph.c' l='295' u='r' c='avfilter_graph_get_filter'/>
<use f='ffmpeg/libavfilter/avfiltergraph.c' l='296' u='r' c='avfilter_graph_get_filter'/>
<use f='ffmpeg/libavfilter/avfiltergraph.c' l='445' u='r' c='query_formats'/>
<use f='ffmpeg/libavfilter/avfiltergraph.c' l='460' u='r' c='query_formats'/>
<use f='ffmpeg/libavfilter/avfiltergraph.c' l='618' u='r' c='query_formats'/>
<use f='ffmpeg/libavfilter/avfiltergraph.c' l='620' u='r' c='query_formats'/>
<use f='ffmpeg/libavfilter/avfiltergraph.c' l='835' u='r' c='reduce_formats'/>
<use f='ffmpeg/libavfilter/avfiltergraph.c' l='890' u='r' c='swap_samplerates'/>
<use f='ffmpeg/libavfilter/avfiltergraph.c' l='1021' u='r' c='swap_channel_layouts'/>
<use f='ffmpeg/libavfilter/avfiltergraph.c' l='1089' u='r' c='swap_sample_fmts'/>
<use f='ffmpeg/libavfilter/avfiltergraph.c' l='1101' u='r' c='pick_formats'/>
<use f='ffmpeg/libavfilter/avfiltergraph.c' l='1133' u='r' c='pick_formats'/>
<use f='ffmpeg/libavfilter/avfiltergraph.c' l='1185' u='r' c='graph_config_pointers'/>
<use f='ffmpeg/libavfilter/avfiltergraph.c' l='1204' u='r' c='graph_config_pointers'/>
<use f='ffmpeg/libavfilter/avfiltergraph.c' l='1253' u='r' c='avfilter_graph_send_command'/>
<use f='ffmpeg/libavfilter/avfiltergraph.c' l='1274' u='r' c='avfilter_graph_queue_command'/>
<use f='ffmpeg/libavfilter/avfiltergraph.c' l='1397' u='r' c='ff_filter_graph_run_once'/>
<use f='ffmpeg/libavfilter/avfiltergraph.c' l='1399' u='r' c='ff_filter_graph_run_once'/>
<use f='ffmpeg/libavfilter/avfiltergraph.c' l='1400' u='r' c='ff_filter_graph_run_once'/>
<use f='ffmpeg/libavfilter/f_graphmonitor.c' l='263' u='r' c='create_frame'/>
<use f='ffmpeg/libavfilter/graphdump.c' l='67' u='r' c='avfilter_graph_dump_to_buf'/>
<use f='ffmpeg/libavfilter/graphparser.c' l='474' u='r' c='avfilter_graph_parse2'/>
<use f='ffmpeg/libavfilter/graphparser.c' l='475' u='a' c='avfilter_graph_parse2'/>
<use f='ffmpeg/libavfilter/graphparser.c' l='539' u='r' c='avfilter_graph_parse'/>
<use f='ffmpeg/libavfilter/graphparser.c' l='540' u='a' c='avfilter_graph_parse'/>
<use f='ffmpeg/libavfilter/graphparser.c' l='627' u='r' c='avfilter_graph_parse_ptr'/>
<use f='ffmpeg/libavfilter/graphparser.c' l='628' u='a' c='avfilter_graph_parse_ptr'/>
