<dec f='ffmpeg/libavcodec/cavs.h' l='222' type='int'/>
<offset>10592</offset>
<use f='ffmpeg/libavcodec/cavsdec.c' l='596' u='r' c='decode_residual_chroma'/>
<use f='ffmpeg/libavcodec/cavsdec.c' l='602' u='r' c='decode_residual_chroma'/>
<use f='ffmpeg/libavcodec/cavsdec.c' l='621' u='w' c='decode_residual_inter'/>
<use f='ffmpeg/libavcodec/cavsdec.c' l='624' u='r' c='decode_residual_inter'/>
<use f='ffmpeg/libavcodec/cavsdec.c' l='627' u='r' c='decode_residual_inter'/>
<use f='ffmpeg/libavcodec/cavsdec.c' l='693' u='w' c='decode_mb_i'/>
<use f='ffmpeg/libavcodec/cavsdec.c' l='694' u='r' c='decode_mb_i'/>
<use f='ffmpeg/libavcodec/cavsdec.c' l='703' u='r' c='decode_mb_i'/>
