<dec f='ffmpeg/libavcodec/h264dec.h' l='262' type='int'/>
<use f='ffmpeg/libavcodec/h264_cabac.c' l='2336' u='w' c='ff_h264_decode_mb_cabac'/>
<offset>180896</offset>
<use f='ffmpeg/libavcodec/h264_cavlc.c' l='1094' u='w' c='ff_h264_decode_mb_cavlc'/>
<use f='ffmpeg/libavcodec/h264_loopfilter.c' l='363' u='r' c='h264_filter_mb_fast_internal'/>
<use f='ffmpeg/libavcodec/h264_loopfilter.c' l='373' u='r' c='h264_filter_mb_fast_internal'/>
<use f='ffmpeg/libavcodec/h264_loopfilter.c' l='490' u='r' c='filter_mb_dir'/>
<use f='ffmpeg/libavcodec/h264_mb.c' l='761' u='r' c='hl_decode_mb_idct_luma'/>
<use f='ffmpeg/libavcodec/h264_mb_template.c' l='194' u='r' c='hl_decode_mb_simple_8'/>
<use f='ffmpeg/libavcodec/h264_mb_template.c' l='194' u='r' c='hl_decode_mb_simple_16'/>
<use f='ffmpeg/libavcodec/h264_mb_template.c' l='194' u='r' c='hl_decode_mb_complex'/>
<use f='ffmpeg/libavcodec/h264_slice.c' l='2398' u='w' c='fill_filter_caches'/>
<use f='ffmpeg/libavcodec/h264_slice.c' l='2435' u='r' c='fill_filter_caches'/>
<use f='ffmpeg/libavcodec/h264_slice.c' l='2440' u='r' c='fill_filter_caches'/>
<use f='ffmpeg/libavcodec/h264_slice.c' l='2445' u='r' c='fill_filter_caches'/>
<use f='ffmpeg/libavcodec/h264_slice.c' l='2450' u='r' c='fill_filter_caches'/>
