<dec f='ffmpeg/fftools/ffmpeg.h' l='365' type='InputFilter **'/>
<use f='ffmpeg/fftools/ffmpeg.c' l='232' u='r' c='sub2video_push_ref'/>
<use f='ffmpeg/fftools/ffmpeg.c' l='307' u='r' c='sub2video_heartbeat'/>
<use f='ffmpeg/fftools/ffmpeg.c' l='321' u='r' c='sub2video_flush'/>
<use f='ffmpeg/fftools/ffmpeg.c' l='640' u='a' c='ffmpeg_cleanup'/>
<use f='ffmpeg/fftools/ffmpeg.c' l='2315' u='r' c='send_frame_to_filters'/>
<use f='ffmpeg/fftools/ffmpeg.c' l='2607' u='r' c='send_filter_eof'/>
<use f='ffmpeg/fftools/ffmpeg.c' l='3818' u='r' c='transcode_init'/>
<use f='ffmpeg/fftools/ffmpeg.c' l='3821' u='r' c='transcode_init'/>
<use f='ffmpeg/fftools/ffmpeg.c' l='3823' u='r' c='transcode_init'/>
<offset>2432</offset>
<doc f='ffmpeg/fftools/ffmpeg.h' l='363'>/* decoded data from this stream goes into all those filters
     * currently video and audio only */</doc>
<use f='ffmpeg/fftools/ffmpeg_filter.c' l='204' u='w' c='init_simple_filtergraph'/>
<use f='ffmpeg/fftools/ffmpeg_filter.c' l='204' u='r' c='init_simple_filtergraph'/>
<use f='ffmpeg/fftools/ffmpeg_filter.c' l='204' u='r' c='init_simple_filtergraph'/>
<use f='ffmpeg/fftools/ffmpeg_filter.c' l='205' u='r' c='init_simple_filtergraph'/>
<use f='ffmpeg/fftools/ffmpeg_filter.c' l='315' u='w' c='init_input_filter'/>
<use f='ffmpeg/fftools/ffmpeg_filter.c' l='315' u='r' c='init_input_filter'/>
<use f='ffmpeg/fftools/ffmpeg_filter.c' l='315' u='r' c='init_input_filter'/>
<use f='ffmpeg/fftools/ffmpeg_filter.c' l='316' u='r' c='init_input_filter'/>
