<dec f='ffmpeg/libavcodec/ivi.h' l='115' type='uint8_t'/>
<use f='ffmpeg/libavcodec/indeo4.c' l='514' u='w' c='decode_mb_info'/>
<use f='ffmpeg/libavcodec/indeo4.c' l='549' u='w' c='decode_mb_info'/>
<use f='ffmpeg/libavcodec/indeo4.c' l='554' u='r' c='decode_mb_info'/>
<offset>72</offset>
<doc f='ffmpeg/libavcodec/ivi.h' l='115'>///&lt; coded block pattern</doc>
<use f='ffmpeg/libavcodec/indeo5.c' l='495' u='w' c='decode_mb_info'/>
<use f='ffmpeg/libavcodec/indeo5.c' l='525' u='w' c='decode_mb_info'/>
<use f='ffmpeg/libavcodec/indeo5.c' l='531' u='r' c='decode_mb_info'/>
<use f='ffmpeg/libavcodec/ivi.c' l='626' u='r' c='ivi_decode_blocks'/>
<use f='ffmpeg/libavcodec/ivi.c' l='783' u='w' c='ivi_process_empty_tile'/>
