<dec f='ffmpeg/fftools/ffmpeg.h' l='204' type='SpecifierOpt *'/>
<offset>5504</offset>
<use f='ffmpeg/fftools/ffmpeg_opt.c' l='1734' u='r' c='new_video_stream'/>
<use f='ffmpeg/fftools/ffmpeg_opt.c' l='1734' u='r' c='new_video_stream'/>
<use f='ffmpeg/fftools/ffmpeg_opt.c' l='1734' u='r' c='new_video_stream'/>
<use f='ffmpeg/fftools/ffmpeg_opt.c' l='1915' u='r' c='new_audio_stream'/>
<use f='ffmpeg/fftools/ffmpeg_opt.c' l='1915' u='r' c='new_audio_stream'/>
<use f='ffmpeg/fftools/ffmpeg_opt.c' l='1915' u='r' c='new_audio_stream'/>
