<dec f='ffmpeg/fftools/ffmpeg.h' l='516' type='char *'/>
<use f='ffmpeg/fftools/ffmpeg.c' l='1175' u='r' c='do_video_out'/>
<offset>2816</offset>
<doc f='ffmpeg/fftools/ffmpeg.h' l='516'>///&lt; filtergraph associated to the -filter option</doc>
<use f='ffmpeg/fftools/ffmpeg_opt.c' l='1661' u='r' c='get_ost_filters'/>
<use f='ffmpeg/fftools/ffmpeg_opt.c' l='1669' u='r' c='get_ost_filters'/>
<use f='ffmpeg/fftools/ffmpeg_opt.c' l='1670' u='r' c='get_ost_filters'/>
<use f='ffmpeg/fftools/ffmpeg_opt.c' l='1679' u='r' c='check_streamcopy_filters'/>
<use f='ffmpeg/fftools/ffmpeg_opt.c' l='1683' u='r' c='check_streamcopy_filters'/>
<use f='ffmpeg/fftools/ffmpeg_opt.c' l='1684' u='r' c='check_streamcopy_filters'/>
<use f='ffmpeg/fftools/ffmpeg_opt.c' l='1684' u='r' c='check_streamcopy_filters'/>
<use f='ffmpeg/fftools/ffmpeg_opt.c' l='1734' u='w' c='new_video_stream'/>
<use f='ffmpeg/fftools/ffmpeg_opt.c' l='1915' u='w' c='new_audio_stream'/>
<use f='ffmpeg/fftools/ffmpeg_opt.c' l='2128' u='r' c='init_output_filter'/>
<use f='ffmpeg/fftools/ffmpeg_opt.c' l='2129' u='r' c='init_output_filter'/>
<use f='ffmpeg/fftools/ffmpeg_opt.c' l='2134' u='r' c='init_output_filter'/>
<use f='ffmpeg/fftools/ffmpeg_opt.c' l='2135' u='r' c='init_output_filter'/>
<use f='ffmpeg/fftools/ffmpeg_opt.c' l='2135' u='r' c='init_output_filter'/>
